
Microsoft Visual Studio Solution File, Format Version 12.00
# Visual Studio Version 17
VisualStudioVersion = 17.9.34607.119
MinimumVisualStudioVersion = 10.0.40219.1
Project("{8BC9CEB8-8B4A-11D0-8D11-00A0C91BC942}") = "MatrixClassPattern", "MatrixClassPattern\MatrixClassPattern.vcxproj", "{1B97E84E-C2A6-43AC-93EE-EA89C3672225}"
EndProject
Global
	GlobalSection(SolutionConfigurationPlatforms) = preSolution
		Debug|x64 = Debug|x64
		Debug|x86 = Debug|x86
		Release|x64 = Release|x64
		Release|x86 = Release|x86
	EndGlobalSection
	GlobalSection(ProjectConfigurationPlatforms) = postSolution
		{1B97E84E-C2A6-43AC-93EE-EA89C3672225}.Debug|x64.ActiveCfg = Debug|x64
		{1B97E84E-C2A6-43AC-93EE-EA89C3672225}.Debug|x64.Build.0 = Debug|x64
		{1B97E84E-C2A6-43AC-93EE-EA89C3672225}.Debug|x86.ActiveCfg = Debug|Win32
		{1B97E84E-C2A6-43AC-93EE-EA89C3672225}.Debug|x86.Build.0 = Debug|Win32
		{1B97E84E-C2A6-43AC-93EE-EA89C3672225}.Release|x64.ActiveCfg = Release|x64
		{1B97E84E-C2A6-43AC-93EE-EA89C3672225}.Release|x64.Build.0 = Release|x64
		{1B97E84E-C2A6-43AC-93EE-EA89C3672225}.Release|x86.ActiveCfg = Release|Win32
		{1B97E84E-C2A6-43AC-93EE-EA89C3672225}.Release|x86.Build.0 = Release|Win32
	EndGlobalSection
	GlobalSection(SolutionProperties) = preSolution
		HideSolutionNode = FALSE
	EndGlobalSection
	GlobalSection(ExtensibilityGlobals) = postSolution
		SolutionGuid = {7AA09CCD-1BAF-48C7-95E7-B24B476755E0}
	EndGlobalSection
EndGlobal
